
Microsoft Visual Studio Solution File, Format Version 12.00
Project("{FAE04EC0-301F-11D3-BF4B-00C04F79EFBC}") = "Mathmatics", "Mathmatics\Mathmatics.csproj", "{894A0B10-3CC6-4F0C-9781-6F0451716C19}"
EndProject
Project("{FAE04EC0-301F-11D3-BF4B-00C04F79EFBC}") = "Mathmatics.Test", "Mathmatics.Test\Mathmatics.Test.csproj", "{CF63809D-7097-4E0D-BCE2-011298B424F3}"
EndProject
Project("{FAE04EC0-301F-11D3-BF4B-00C04F79EFBC}") = "Mathmatics.Console", "Mathmatics.Console\Mathmatics.Console.csproj", "{8772BD20-E2A1-4FDF-BEC7-244E90B79228}"
EndProject
Global
	GlobalSection(SolutionConfigurationPlatforms) = preSolution
		Debug|Any CPU = Debug|Any CPU
		Release|Any CPU = Release|Any CPU
	EndGlobalSection
	GlobalSection(ProjectConfigurationPlatforms) = postSolution
		{894A0B10-3CC6-4F0C-9781-6F0451716C19}.Debug|Any CPU.ActiveCfg = Debug|Any CPU
		{894A0B10-3CC6-4F0C-9781-6F0451716C19}.Debug|Any CPU.Build.0 = Debug|Any CPU
		{894A0B10-3CC6-4F0C-9781-6F0451716C19}.Release|Any CPU.ActiveCfg = Release|Any CPU
		{894A0B10-3CC6-4F0C-9781-6F0451716C19}.Release|Any CPU.Build.0 = Release|Any CPU
		{CF63809D-7097-4E0D-BCE2-011298B424F3}.Debug|Any CPU.ActiveCfg = Debug|Any CPU
		{CF63809D-7097-4E0D-BCE2-011298B424F3}.Debug|Any CPU.Build.0 = Debug|Any CPU
		{CF63809D-7097-4E0D-BCE2-011298B424F3}.Release|Any CPU.ActiveCfg = Release|Any CPU
		{CF63809D-7097-4E0D-BCE2-011298B424F3}.Release|Any CPU.Build.0 = Release|Any CPU
		{8772BD20-E2A1-4FDF-BEC7-244E90B79228}.Debug|Any CPU.ActiveCfg = Debug|Any CPU
		{8772BD20-E2A1-4FDF-BEC7-244E90B79228}.Debug|Any CPU.Build.0 = Debug|Any CPU
		{8772BD20-E2A1-4FDF-BEC7-244E90B79228}.Release|Any CPU.ActiveCfg = Release|Any CPU
		{8772BD20-E2A1-4FDF-BEC7-244E90B79228}.Release|Any CPU.Build.0 = Release|Any CPU
	EndGlobalSection
EndGlobal
